
Microsoft Visual Studio Solution File, Format Version 12.00
# Visual Studio Version 17
VisualStudioVersion = 17.3.32811.315
MinimumVisualStudioVersion = 10.0.40219.1
Project("{9A19103F-16F7-4668-BE54-9A1E7A4F7556}") = "WebAppGlobal", "WebAppGlobal.csproj", "{D519FAB6-0B7F-4303-890F-2E772DCC3977}"
EndProject
Global
	GlobalSection(SolutionConfigurationPlatforms) = preSolution
		Debug|Any CPU = Debug|Any CPU
		Release|Any CPU = Release|Any CPU
	EndGlobalSection
	GlobalSection(ProjectConfigurationPlatforms) = postSolution
		{D519FAB6-0B7F-4303-890F-2E772DCC3977}.Debug|Any CPU.ActiveCfg = Debug|Any CPU
		{D519FAB6-0B7F-4303-890F-2E772DCC3977}.Debug|Any CPU.Build.0 = Debug|Any CPU
		{D519FAB6-0B7F-4303-890F-2E772DCC3977}.Release|Any CPU.ActiveCfg = Release|Any CPU
		{D519FAB6-0B7F-4303-890F-2E772DCC3977}.Release|Any CPU.Build.0 = Release|Any CPU
	EndGlobalSection
	GlobalSection(SolutionProperties) = preSolution
		HideSolutionNode = FALSE
	EndGlobalSection
	GlobalSection(ExtensibilityGlobals) = postSolution
		SolutionGuid = {F14A3FE8-19F6-4B45-8B57-0A2D81ED2DF6}
	EndGlobalSection
EndGlobal
